// !$*UTF8*$!
{
	archiveVersion = 1;
	classes = {
	};
	objectVersion = 56;
	objects = {

/* Begin PBXBuildFile section */
		501ECE7D2AA7930900E89563 /* TinyWinsApp.swift in Sources */ = {isa = PBXBuildFile; fileRef = 501ECE7C2AA7930900E89563 /* TinyWinsApp.swift */; };
		501ECE7F2AA7930900E89563 /* ContentView.swift in Sources */ = {isa = PBXBuildFile; fileRef = 501ECE7E2AA7930900E89563 /* ContentView.swift */; };
		501ECE812AA7930B00E89563 /* Assets.xcassets in Resources */ = {isa = PBXBuildFile; fileRef = 501ECE802AA7930B00E89563 /* Assets.xcassets */; };
		501ECE842AA7930B00E89563 /* Preview Assets.xcassets in Resources */ = {isa = PBXBuildFile; fileRef = 501ECE832AA7930B00E89563 /* Preview Assets.xcassets */; };
		501ECE8E2AA7930B00E89563 /* TinyWinsTests.swift in Sources */ = {isa = PBXBuildFile; fileRef = 501ECE8D2AA7930B00E89563 /* TinyWinsTests.swift */; };
		501ECE982AA7930B00E89563 /* TinyWinsUITests.swift in Sources */ = {isa = PBXBuildFile; fileRef = 501ECE972AA7930B00E89563 /* TinyWinsUITests.swift */; };
		501ECE9A2AA7930B00E89563 /* TinyWinsUITestsLaunchTests.swift in Sources */ = {isa = PBXBuildFile; fileRef = 501ECE992AA7930B00E89563 /* TinyWinsUITestsLaunchTests.swift */; };
		501ECEA92AA79DDD00E89563 /* Home.swift in Sources */ = {isa = PBXBuildFile; fileRef = 501ECEA82AA79DDD00E89563 /* Home.swift */; };
		501ECEB42AA7D33000E89563 /* ItemStepper.swift in Sources */ = {isa = PBXBuildFile; fileRef = 501ECEB32AA7D33000E89563 /* ItemStepper.swift */; };
/* End PBXBuildFile section */

/* Begin PBXContainerItemProxy section */
		501ECE8A2AA7930B00E89563 /* PBXContainerItemProxy */ = {
			isa = PBXContainerItemProxy;
			containerPortal = 501ECE712AA7930900E89563 /* Project object */;
			proxyType = 1;
			remoteGlobalIDString = 501ECE782AA7930900E89563;
			remoteInfo = TinyWins;
		};
		501ECE942AA7930B00E89563 /* PBXContainerItemProxy */ = {
			isa = PBXContainerItemProxy;
			containerPortal = 501ECE712AA7930900E89563 /* Project object */;
			proxyType = 1;
			remoteGlobalIDString = 501ECE782AA7930900E89563;
			remoteInfo = TinyWins;
		};
/* End PBXContainerItemProxy section */

/* Begin PBXFileReference section */
		501ECE792AA7930900E89563 /* TinyWins.app */ = {isa = PBXFileReference; explicitFileType = wrapper.application; includeInIndex = 0; path = TinyWins.app; sourceTree = BUILT_PRODUCTS_DIR; };
		501ECE7C2AA7930900E89563 /* TinyWinsApp.swift */ = {isa = PBXFileReference; lastKnownFileType = sourcecode.swift; path = TinyWinsApp.swift; sourceTree = "<group>"; };
		501ECE7E2AA7930900E89563 /* ContentView.swift */ = {isa = PBXFileReference; lastKnownFileType = sourcecode.swift; path = ContentView.swift; sourceTree = "<group>"; };
		501ECE802AA7930B00E89563 /* Assets.xcassets */ = {isa = PBXFileReference; lastKnownFileType = folder.assetcatalog; path = Assets.xcassets; sourceTree = "<group>"; };
		501ECE832AA7930B00E89563 /* Preview Assets.xcassets */ = {isa = PBXFileReference; lastKnownFileType = folder.assetcatalog; path = "Preview Assets.xcassets"; sourceTree = "<group>"; };
		501ECE892AA7930B00E89563 /* TinyWinsTests.xctest */ = {isa = PBXFileReference; explicitFileType = wrapper.cfbundle; includeInIndex = 0; path = TinyWinsTests.xctest; sourceTree = BUILT_PRODUCTS_DIR; };
		501ECE8D2AA7930B00E89563 /* TinyWinsTests.swift */ = {isa = PBXFileReference; lastKnownFileType = sourcecode.swift; path = TinyWinsTests.swift; sourceTree = "<group>"; };
		501ECE932AA7930B00E89563 /* TinyWinsUITests.xctest */ = {isa = PBXFileReference; explicitFileType = wrapper.cfbundle; includeInIndex = 0; path = TinyWinsUITests.xctest; sourceTree = BUILT_PRODUCTS_DIR; };
		501ECE972AA7930B00E89563 /* TinyWinsUITests.swift */ = {isa = PBXFileReference; lastKnownFileType = sourcecode.swift; path = TinyWinsUITests.swift; sourceTree = "<group>"; };
		501ECE992AA7930B00E89563 /* TinyWinsUITestsLaunchTests.swift */ = {isa = PBXFileReference; lastKnownFileType = sourcecode.swift; path = TinyWinsUITestsLaunchTests.swift; sourceTree = "<group>"; };
		501ECEA72AA79C4200E89563 /* README.md */ = {isa = PBXFileReference; lastKnownFileType = net.daringfireball.markdown; path = README.md; sourceTree = "<group>"; };
		501ECEA82AA79DDD00E89563 /* Home.swift */ = {isa = PBXFileReference; lastKnownFileType = sourcecode.swift; path = Home.swift; sourceTree = "<group>"; };
		501ECEB32AA7D33000E89563 /* ItemStepper.swift */ = {isa = PBXFileReference; lastKnownFileType = sourcecode.swift; path = ItemStepper.swift; sourceTree = "<group>"; };
/* End PBXFileReference section */

/* Begin PBXFrameworksBuildPhase section */
		501ECE762AA7930900E89563 /* Frameworks */ = {
			isa = PBXFrameworksBuildPhase;
			buildActionMask = 2147483647;
			files = (
			);
			runOnlyForDeploymentPostprocessing = 0;
		};
		501ECE862AA7930B00E89563 /* Frameworks */ = {
			isa = PBXFrameworksBuildPhase;
			buildActionMask = 2147483647;
			files = (
			);
			runOnlyForDeploymentPostprocessing = 0;
		};
		501ECE902AA7930B00E89563 /* Frameworks */ = {
			isa = PBXFrameworksBuildPhase;
			buildActionMask = 2147483647;
			files = (
			);
			runOnlyForDeploymentPostprocessing = 0;
		};
/* End PBXFrameworksBuildPhase section */

/* Begin PBXGroup section */
		501ECE702AA7930900E89563 = {
			isa = PBXGroup;
			children = (
				501ECEA72AA79C4200E89563 /* README.md */,
				501ECE7B2AA7930900E89563 /* TinyWins */,
				501ECE8C2AA7930B00E89563 /* TinyWinsTests */,
				501ECE962AA7930B00E89563 /* TinyWinsUITests */,
				501ECE7A2AA7930900E89563 /* Products */,
			);
			sourceTree = "<group>";
		};
		501ECE7A2AA7930900E89563 /* Products */ = {
			isa = PBXGroup;
			children = (
				501ECE792AA7930900E89563 /* TinyWins.app */,
				501ECE892AA7930B00E89563 /* TinyWinsTests.xctest */,
				501ECE932AA7930B00E89563 /* TinyWinsUITests.xctest */,
			);
			name = Products;
			sourceTree = "<group>";
		};
		501ECE7B2AA7930900E89563 /* TinyWins */ = {
			isa = PBXGroup;
			children = (
				501ECEA62AA7989000E89563 /* Views */,
				501ECE7C2AA7930900E89563 /* TinyWinsApp.swift */,
				501ECE7E2AA7930900E89563 /* ContentView.swift */,
				501ECE802AA7930B00E89563 /* Assets.xcassets */,
				501ECE822AA7930B00E89563 /* Preview Content */,
			);
			path = TinyWins;
			sourceTree = "<group>";
		};
		501ECE822AA7930B00E89563 /* Preview Content */ = {
			isa = PBXGroup;
			children = (
				501ECE832AA7930B00E89563 /* Preview Assets.xcassets */,
			);
			path = "Preview Content";
			sourceTree = "<group>";
		};
		501ECE8C2AA7930B00E89563 /* TinyWinsTests */ = {
			isa = PBXGroup;
			children = (
				501ECE8D2AA7930B00E89563 /* TinyWinsTests.swift */,
			);
			path = TinyWinsTests;
			sourceTree = "<group>";
		};
		501ECE962AA7930B00E89563 /* TinyWinsUITests */ = {
			isa = PBXGroup;
			children = (
				501ECE972AA7930B00E89563 /* TinyWinsUITests.swift */,
				501ECE992AA7930B00E89563 /* TinyWinsUITestsLaunchTests.swift */,
			);
			path = TinyWinsUITests;
			sourceTree = "<group>";
		};
		501ECEA62AA7989000E89563 /* Views */ = {
			isa = PBXGroup;
			children = (
				501ECEA82AA79DDD00E89563 /* Home.swift */,
				501ECEB32AA7D33000E89563 /* ItemStepper.swift */,
			);
			path = Views;
			sourceTree = "<group>";
		};
/* End PBXGroup section */

/* Begin PBXNativeTarget section */
		501ECE782AA7930900E89563 /* TinyWins */ = {
			isa = PBXNativeTarget;
			buildConfigurationList = 501ECE9D2AA7930B00E89563 /* Build configuration list for PBXNativeTarget "TinyWins" */;
			buildPhases = (
				501ECE752AA7930900E89563 /* Sources */,
				501ECE762AA7930900E89563 /* Frameworks */,
				501ECE772AA7930900E89563 /* Resources */,
			);
			buildRules = (
			);
			dependencies = (
			);
			name = TinyWins;
			productName = TinyWins;
			productReference = 501ECE792AA7930900E89563 /* TinyWins.app */;
			productType = "com.apple.product-type.application";
		};
		501ECE882AA7930B00E89563 /* TinyWinsTests */ = {
			isa = PBXNativeTarget;
			buildConfigurationList = 501ECEA02AA7930B00E89563 /* Build configuration list for PBXNativeTarget "TinyWinsTests" */;
			buildPhases = (
				501ECE852AA7930B00E89563 /* Sources */,
				501ECE862AA7930B00E89563 /* Frameworks */,
				501ECE872AA7930B00E89563 /* Resources */,
			);
			buildRules = (
			);
			dependencies = (
				501ECE8B2AA7930B00E89563 /* PBXTargetDependency */,
			);
			name = TinyWinsTests;
			productName = TinyWinsTests;
			productReference = 501ECE892AA7930B00E89563 /* TinyWinsTests.xctest */;
			productType = "com.apple.product-type.bundle.unit-test";
		};
		501ECE922AA7930B00E89563 /* TinyWinsUITests */ = {
			isa = PBXNativeTarget;
			buildConfigurationList = 501ECEA32AA7930B00E89563 /* Build configuration list for PBXNativeTarget "TinyWinsUITests" */;
			buildPhases = (
				501ECE8F2AA7930B00E89563 /* Sources */,
				501ECE902AA7930B00E89563 /* Frameworks */,
				501ECE912AA7930B00E89563 /* Resources */,
			);
			buildRules = (
			);
			dependencies = (
				501ECE952AA7930B00E89563 /* PBXTargetDependency */,
			);
			name = TinyWinsUITests;
			productName = TinyWinsUITests;
			productReference = 501ECE932AA7930B00E89563 /* TinyWinsUITests.xctest */;
			productType = "com.apple.product-type.bundle.ui-testing";
		};
/* End PBXNativeTarget section */

/* Begin PBXProject section */
		501ECE712AA7930900E89563 /* Project object */ = {
			isa = PBXProject;
			attributes = {
				BuildIndependentTargetsInParallel = 1;
				LastSwiftUpdateCheck = 1420;
				LastUpgradeCheck = 1420;
				TargetAttributes = {
					501ECE782AA7930900E89563 = {
						CreatedOnToolsVersion = 14.2;
					};
					501ECE882AA7930B00E89563 = {
						CreatedOnToolsVersion = 14.2;
						TestTargetID = 501ECE782AA7930900E89563;
					};
					501ECE922AA7930B00E89563 = {
						CreatedOnToolsVersion = 14.2;
						TestTargetID = 501ECE782AA7930900E89563;
					};
				};
			};
			buildConfigurationList = 501ECE742AA7930900E89563 /* Build configuration list for PBXProject "TinyWins" */;
			compatibilityVersion = "Xcode 14.0";
			developmentRegion = en;
			hasScannedForEncodings = 0;
			knownRegions = (
				en,
				Base,
			);
			mainGroup = 501ECE702AA7930900E89563;
			productRefGroup = 501ECE7A2AA7930900E89563 /* Products */;
			projectDirPath = "";
			projectRoot = "";
			targets = (
				501ECE782AA7930900E89563 /* TinyWins */,
				501ECE882AA7930B00E89563 /* TinyWinsTests */,
				501ECE922AA7930B00E89563 /* TinyWinsUITests */,
			);
		};
/* End PBXProject section */

/* Begin PBXResourcesBuildPhase section */
		501ECE772AA7930900E89563 /* Resources */ = {
			isa = PBXResourcesBuildPhase;
			buildActionMask = 2147483647;
			files = (
				501ECE842AA7930B00E89563 /* Preview Assets.xcassets in Resources */,
				501ECE812AA7930B00E89563 /* Assets.xcassets in Resources */,
			);
			runOnlyForDeploymentPostprocessing = 0;
		};
		501ECE872AA7930B00E89563 /* Resources */ = {
			isa = PBXResourcesBuildPhase;
			buildActionMask = 2147483647;
			files = (
			);
			runOnlyForDeploymentPostprocessing = 0;
		};
		501ECE912AA7930B00E89563 /* Resources */ = {
			isa = PBXResourcesBuildPhase;
			buildActionMask = 2147483647;
			files = (
			);
			runOnlyForDeploymentPostprocessing = 0;
		};
/* End PBXResourcesBuildPhase section */

/* Begin PBXSourcesBuildPhase section */
		501ECE752AA7930900E89563 /* Sources */ = {
			isa = PBXSourcesBuildPhase;
			buildActionMask = 2147483647;
			files = (
				501ECE7F2AA7930900E89563 /* ContentView.swift in Sources */,
				501ECEA92AA79DDD00E89563 /* Home.swift in Sources */,
				501ECEB42AA7D33000E89563 /* ItemStepper.swift in Sources */,
				501ECE7D2AA7930900E89563 /* TinyWinsApp.swift in Sources */,
			);
			runOnlyForDeploymentPostprocessing = 0;
		};
		501ECE852AA7930B00E89563 /* Sources */ = {
			isa = PBXSourcesBuildPhase;
			buildActionMask = 2147483647;
			files = (
				501ECE8E2AA7930B00E89563 /* TinyWinsTests.swift in Sources */,
			);
			runOnlyForDeploymentPostprocessing = 0;
		};
		501ECE8F2AA7930B00E89563 /* Sources */ = {
			isa = PBXSourcesBuildPhase;
			buildActionMask = 2147483647;
			files = (
				501ECE9A2AA7930B00E89563 /* TinyWinsUITestsLaunchTests.swift in Sources */,
				501ECE982AA7930B00E89563 /* TinyWinsUITests.swift in Sources */,
			);
			runOnlyForDeploymentPostprocessing = 0;
		};
/* End PBXSourcesBuildPhase section */

/* Begin PBXTargetDependency section */
		501ECE8B2AA7930B00E89563 /* PBXTargetDependency */ = {
			isa = PBXTargetDependency;
			target = 501ECE782AA7930900E89563 /* TinyWins */;
			targetProxy = 501ECE8A2AA7930B00E89563 /* PBXContainerItemProxy */;
		};
		501ECE952AA7930B00E89563 /* PBXTargetDependency */ = {
			isa = PBXTargetDependency;
			target = 501ECE782AA7930900E89563 /* TinyWins */;
			targetProxy = 501ECE942AA7930B00E89563 /* PBXContainerItemProxy */;
		};
/* End PBXTargetDependency section */

/* Begin XCBuildConfiguration section */
		501ECE9B2AA7930B00E89563 /* Debug */ = {
			isa = XCBuildConfiguration;
			buildSettings = {
				ALWAYS_SEARCH_USER_PATHS = NO;
				CLANG_ANALYZER_NONNULL = YES;
				CLANG_ANALYZER_NUMBER_OBJECT_CONVERSION = YES_AGGRESSIVE;
				CLANG_CXX_LANGUAGE_STANDARD = "gnu++20";
				CLANG_ENABLE_MODULES = YES;
				CLANG_ENABLE_OBJC_ARC = YES;
				CLANG_ENABLE_OBJC_WEAK = YES;
				CLANG_WARN_BLOCK_CAPTURE_AUTORELEASING = YES;
				CLANG_WARN_BOOL_CONVERSION = YES;
				CLANG_WARN_COMMA = YES;
				CLANG_WARN_CONSTANT_CONVERSION = YES;
				CLANG_WARN_DEPRECATED_OBJC_IMPLEMENTATIONS = YES;
				CLANG_WARN_DIRECT_OBJC_ISA_USAGE = YES_ERROR;
				CLANG_WARN_DOCUMENTATION_COMMENTS = YES;
				CLANG_WARN_EMPTY_BODY = YES;
				CLANG_WARN_ENUM_CONVERSION = YES;
				CLANG_WARN_INFINITE_RECURSION = YES;
				CLANG_WARN_INT_CONVERSION = YES;
				CLANG_WARN_NON_LITERAL_NULL_CONVERSION = YES;
				CLANG_WARN_OBJC_IMPLICIT_RETAIN_SELF = YES;
				CLANG_WARN_OBJC_LITERAL_CONVERSION = YES;
				CLANG_WARN_OBJC_ROOT_CLASS = YES_ERROR;
				CLANG_WARN_QUOTED_INCLUDE_IN_FRAMEWORK_HEADER = YES;
				CLANG_WARN_RANGE_LOOP_ANALYSIS = YES;
				CLANG_WARN_STRICT_PROTOTYPES = YES;
				CLANG_WARN_SUSPICIOUS_MOVE = YES;
				CLANG_WARN_UNGUARDED_AVAILABILITY = YES_AGGRESSIVE;
				CLANG_WARN_UNREACHABLE_CODE = YES;
				CLANG_WARN__DUPLICATE_METHOD_MATCH = YES;
				COPY_PHASE_STRIP = NO;
				DEBUG_INFORMATION_FORMAT = dwarf;
				ENABLE_STRICT_OBJC_MSGSEND = YES;
				ENABLE_TESTABILITY = YES;
				GCC_C_LANGUAGE_STANDARD = gnu11;
				GCC_DYNAMIC_NO_PIC = NO;
				GCC_NO_COMMON_BLOCKS = YES;
				GCC_OPTIMIZATION_LEVEL = 0;
				GCC_PREPROCESSOR_DEFINITIONS = (
					"DEBUG=1",
					"$(inherited)",
				);
				GCC_WARN_64_TO_32_BIT_CONVERSION = YES;
				GCC_WARN_ABOUT_RETURN_TYPE = YES_ERROR;
				GCC_WARN_UNDECLARED_SELECTOR = YES;
				GCC_WARN_UNINITIALIZED_AUTOS = YES_AGGRESSIVE;
				GCC_WARN_UNUSED_FUNCTION = YES;
				GCC_WARN_UNUSED_VARIABLE = YES;
				IPHONEOS_DEPLOYMENT_TARGET = 16.2;
				MTL_ENABLE_DEBUG_INFO = INCLUDE_SOURCE;
				MTL_FAST_MATH = YES;
				ONLY_ACTIVE_ARCH = YES;
				SDKROOT = iphoneos;
				SWIFT_ACTIVE_COMPILATION_CONDITIONS = DEBUG;
				SWIFT_OPTIMIZATION_LEVEL = "-Onone";
			};
			name = Debug;
		};
		501ECE9C2AA7930B00E89563 /* Release */ = {
			isa = XCBuildConfiguration;
			buildSettings = {
				ALWAYS_SEARCH_USER_PATHS = NO;
				CLANG_ANALYZER_NONNULL = YES;
				CLANG_ANALYZER_NUMBER_OBJECT_CONVERSION = YES_AGGRESSIVE;
				CLANG_CXX_LANGUAGE_STANDARD = "gnu++20";
				CLANG_ENABLE_MODULES = YES;
				CLANG_ENABLE_OBJC_ARC = YES;
				CLANG_ENABLE_OBJC_WEAK = YES;
				CLANG_WARN_BLOCK_CAPTURE_AUTORELEASING = YES;
				CLANG_WARN_BOOL_CONVERSION = YES;
				CLANG_WARN_COMMA = YES;
				CLANG_WARN_CONSTANT_CONVERSION = YES;
				CLANG_WARN_DEPRECATED_OBJC_IMPLEMENTATIONS = YES;
				CLANG_WARN_DIRECT_OBJC_ISA_USAGE = YES_ERROR;
				CLANG_WARN_DOCUMENTATION_COMMENTS = YES;
				CLANG_WARN_EMPTY_BODY = YES;
				CLANG_WARN_ENUM_CONVERSION = YES;
				CLANG_WARN_INFINITE_RECURSION = YES;
				CLANG_WARN_INT_CONVERSION = YES;
				CLANG_WARN_NON_LITERAL_NULL_CONVERSION = YES;
				CLANG_WARN_OBJC_IMPLICIT_RETAIN_SELF = YES;
				CLANG_WARN_OBJC_LITERAL_CONVERSION = YES;
				CLANG_WARN_OBJC_ROOT_CLASS = YES_ERROR;
				CLANG_WARN_QUOTED_INCLUDE_IN_FRAMEWORK_HEADER = YES;
				CLANG_WARN_RANGE_LOOP_ANALYSIS = YES;
				CLANG_WARN_STRICT_PROTOTYPES = YES;
				CLANG_WARN_SUSPICIOUS_MOVE = YES;
				CLANG_WARN_UNGUARDED_AVAILABILITY = YES_AGGRESSIVE;
				CLANG_WARN_UNREACHABLE_CODE = YES;
				CLANG_WARN__DUPLICATE_METHOD_MATCH = YES;
				COPY_PHASE_STRIP = NO;
				DEBUG_INFORMATION_FORMAT = "dwarf-with-dsym";
				ENABLE_NS_ASSERTIONS = NO;
				ENABLE_STRICT_OBJC_MSGSEND = YES;
				GCC_C_LANGUAGE_STANDARD = gnu11;
				GCC_NO_COMMON_BLOCKS = YES;
				GCC_WARN_64_TO_32_BIT_CONVERSION = YES;
				GCC_WARN_ABOUT_RETURN_TYPE = YES_ERROR;
				GCC_WARN_UNDECLARED_SELECTOR = YES;
				GCC_WARN_UNINITIALIZED_AUTOS = YES_AGGRESSIVE;
				GCC_WARN_UNUSED_FUNCTION = YES;
				GCC_WARN_UNUSED_VARIABLE = YES;
				IPHONEOS_DEPLOYMENT_TARGET = 16.2;
				MTL_ENABLE_DEBUG_INFO = NO;
				MTL_FAST_MATH = YES;
				SDKROOT = iphoneos;
				SWIFT_COMPILATION_MODE = wholemodule;
				SWIFT_OPTIMIZATION_LEVEL = "-O";
				VALIDATE_PRODUCT = YES;
			};
			name = Release;
		};
		501ECE9E2AA7930B00E89563 /* Debug */ = {
			isa = XCBuildConfiguration;
			buildSettings = {
				ASSETCATALOG_COMPILER_APPICON_NAME = AppIcon;
				ASSETCATALOG_COMPILER_GLOBAL_ACCENT_COLOR_NAME = AccentColor;
				CODE_SIGN_STYLE = Automatic;
				CURRENT_PROJECT_VERSION = 1;
				DEVELOPMENT_ASSET_PATHS = "\"TinyWins/Preview Content\"";
				ENABLE_PREVIEWS = YES;
				GENERATE_INFOPLIST_FILE = YES;
				INFOPLIST_KEY_UIApplicationSceneManifest_Generation = YES;
				INFOPLIST_KEY_UIApplicationSupportsIndirectInputEvents = YES;
				INFOPLIST_KEY_UILaunchScreen_Generation = YES;
				INFOPLIST_KEY_UISupportedInterfaceOrientations_iPad = "UIInterfaceOrientationPortrait UIInterfaceOrientationPortraitUpsideDown UIInterfaceOrientationLandscapeLeft UIInterfaceOrientationLandscapeRight";
				INFOPLIST_KEY_UISupportedInterfaceOrientations_iPhone = "UIInterfaceOrientationPortrait UIInterfaceOrientationLandscapeLeft UIInterfaceOrientationLandscapeRight";
				LD_RUNPATH_SEARCH_PATHS = (
					"$(inherited)",
					"@executable_path/Frameworks",
				);
				MARKETING_VERSION = 1.0;
				PRODUCT_BUNDLE_IDENTIFIER = com.tutorial.TinyWins;
				PRODUCT_NAME = "$(TARGET_NAME)";
				SWIFT_EMIT_LOC_STRINGS = YES;
				SWIFT_VERSION = 5.0;
				TARGETED_DEVICE_FAMILY = "1,2";
			};
			name = Debug;
		};
		501ECE9F2AA7930B00E89563 /* Release */ = {
			isa = XCBuildConfiguration;
			buildSettings = {
				ASSETCATALOG_COMPILER_APPICON_NAME = AppIcon;
				ASSETCATALOG_COMPILER_GLOBAL_ACCENT_COLOR_NAME = AccentColor;
				CODE_SIGN_STYLE = Automatic;
				CURRENT_PROJECT_VERSION = 1;
				DEVELOPMENT_ASSET_PATHS = "\"TinyWins/Preview Content\"";
				ENABLE_PREVIEWS = YES;
				GENERATE_INFOPLIST_FILE = YES;
				INFOPLIST_KEY_UIApplicationSceneManifest_Generation = YES;
				INFOPLIST_KEY_UIApplicationSupportsIndirectInputEvents = YES;
				INFOPLIST_KEY_UILaunchScreen_Generation = YES;
				INFOPLIST_KEY_UISupportedInterfaceOrientations_iPad = "UIInterfaceOrientationPortrait UIInterfaceOrientationPortraitUpsideDown UIInterfaceOrientationLandscapeLeft UIInterfaceOrientationLandscapeRight";
				INFOPLIST_KEY_UISupportedInterfaceOrientations_iPhone = "UIInterfaceOrientationPortrait UIInterfaceOrientationLandscapeLeft UIInterfaceOrientationLandscapeRight";
				LD_RUNPATH_SEARCH_PATHS = (
					"$(inherited)",
					"@executable_path/Frameworks",
				);
				MARKETING_VERSION = 1.0;
				PRODUCT_BUNDLE_IDENTIFIER = com.tutorial.TinyWins;
				PRODUCT_NAME = "$(TARGET_NAME)";
				SWIFT_EMIT_LOC_STRINGS = YES;
				SWIFT_VERSION = 5.0;
				TARGETED_DEVICE_FAMILY = "1,2";
			};
			name = Release;
		};
		501ECEA12AA7930B00E89563 /* Debug */ = {
			isa = XCBuildConfiguration;
			buildSettings = {
				ALWAYS_EMBED_SWIFT_STANDARD_LIBRARIES = YES;
				BUNDLE_LOADER = "$(TEST_HOST)";
				CODE_SIGN_STYLE = Automatic;
				CURRENT_PROJECT_VERSION = 1;
				GENERATE_INFOPLIST_FILE = YES;
				IPHONEOS_DEPLOYMENT_TARGET = 16.2;
				MARKETING_VERSION = 1.0;
				PRODUCT_BUNDLE_IDENTIFIER = com.tutorial.TinyWinsTests;
				PRODUCT_NAME = "$(TARGET_NAME)";
				SWIFT_EMIT_LOC_STRINGS = NO;
				SWIFT_VERSION = 5.0;
				TARGETED_DEVICE_FAMILY = "1,2";
				TEST_HOST = "$(BUILT_PRODUCTS_DIR)/TinyWins.app/$(BUNDLE_EXECUTABLE_FOLDER_PATH)/TinyWins";
			};
			name = Debug;
		};
		501ECEA22AA7930B00E89563 /* Release */ = {
			isa = XCBuildConfiguration;
			buildSettings = {
				ALWAYS_EMBED_SWIFT_STANDARD_LIBRARIES = YES;
				BUNDLE_LOADER = "$(TEST_HOST)";
				CODE_SIGN_STYLE = Automatic;
				CURRENT_PROJECT_VERSION = 1;
				GENERATE_INFOPLIST_FILE = YES;
				IPHONEOS_DEPLOYMENT_TARGET = 16.2;
				MARKETING_VERSION = 1.0;
				PRODUCT_BUNDLE_IDENTIFIER = com.tutorial.TinyWinsTests;
				PRODUCT_NAME = "$(TARGET_NAME)";
				SWIFT_EMIT_LOC_STRINGS = NO;
				SWIFT_VERSION = 5.0;
				TARGETED_DEVICE_FAMILY = "1,2";
				TEST_HOST = "$(BUILT_PRODUCTS_DIR)/TinyWins.app/$(BUNDLE_EXECUTABLE_FOLDER_PATH)/TinyWins";
			};
			name = Release;
		};
		501ECEA42AA7930B00E89563 /* Debug */ = {
			isa = XCBuildConfiguration;
			buildSettings = {
				ALWAYS_EMBED_SWIFT_STANDARD_LIBRARIES = YES;
				CODE_SIGN_STYLE = Automatic;
				CURRENT_PROJECT_VERSION = 1;
				GENERATE_INFOPLIST_FILE = YES;
				MARKETING_VERSION = 1.0;
				PRODUCT_BUNDLE_IDENTIFIER = com.tutorial.TinyWinsUITests;
				PRODUCT_NAME = "$(TARGET_NAME)";
				SWIFT_EMIT_LOC_STRINGS = NO;
				SWIFT_VERSION = 5.0;
				TARGETED_DEVICE_FAMILY = "1,2";
				TEST_TARGET_NAME = TinyWins;
			};
			name = Debug;
		};
		501ECEA52AA7930B00E89563 /* Release */ = {
			isa = XCBuildConfiguration;
			buildSettings = {
				ALWAYS_EMBED_SWIFT_STANDARD_LIBRARIES = YES;
				CODE_SIGN_STYLE = Automatic;
				CURRENT_PROJECT_VERSION = 1;
				GENERATE_INFOPLIST_FILE = YES;
				MARKETING_VERSION = 1.0;
				PRODUCT_BUNDLE_IDENTIFIER = com.tutorial.TinyWinsUITests;
				PRODUCT_NAME = "$(TARGET_NAME)";
				SWIFT_EMIT_LOC_STRINGS = NO;
				SWIFT_VERSION = 5.0;
				TARGETED_DEVICE_FAMILY = "1,2";
				TEST_TARGET_NAME = TinyWins;
			};
			name = Release;
		};
/* End XCBuildConfiguration section */

/* Begin XCConfigurationList section */
		501ECE742AA7930900E89563 /* Build configuration list for PBXProject "TinyWins" */ = {
			isa = XCConfigurationList;
			buildConfigurations = (
				501ECE9B2AA7930B00E89563 /* Debug */,
				501ECE9C2AA7930B00E89563 /* Release */,
			);
			defaultConfigurationIsVisible = 0;
			defaultConfigurationName = Release;
		};
		501ECE9D2AA7930B00E89563 /* Build configuration list for PBXNativeTarget "TinyWins" */ = {
			isa = XCConfigurationList;
			buildConfigurations = (
				501ECE9E2AA7930B00E89563 /* Debug */,
				501ECE9F2AA7930B00E89563 /* Release */,
			);
			defaultConfigurationIsVisible = 0;
			defaultConfigurationName = Release;
		};
		501ECEA02AA7930B00E89563 /* Build configuration list for PBXNativeTarget "TinyWinsTests" */ = {
			isa = XCConfigurationList;
			buildConfigurations = (
				501ECEA12AA7930B00E89563 /* Debug */,
				501ECEA22AA7930B00E89563 /* Release */,
			);
			defaultConfigurationIsVisible = 0;
			defaultConfigurationName = Release;
		};
		501ECEA32AA7930B00E89563 /* Build configuration list for PBXNativeTarget "TinyWinsUITests" */ = {
			isa = XCConfigurationList;
			buildConfigurations = (
				501ECEA42AA7930B00E89563 /* Debug */,
				501ECEA52AA7930B00E89563 /* Release */,
			);
			defaultConfigurationIsVisible = 0;
			defaultConfigurationName = Release;
		};
/* End XCConfigurationList section */
	};
	rootObject = 501ECE712AA7930900E89563 /* Project object */;
}
